// !$*UTF8*$!
{
	archiveVersion = 1;
	classes = {
	};
	objectVersion = 46;
	objects = {

/* Begin PBXBuildFile section */
		B06786C918751BBE00C9A3AC /* 0.png in Resources */ = {isa = PBXBuildFile; fileRef = B06786B718751BBE00C9A3AC /* 0.png */; };
		B06786CA18751BBE00C9A3AC /* 1.png in Resources */ = {isa = PBXBuildFile; fileRef = B06786B818751BBE00C9A3AC /* 1.png */; };
		B06786CB18751BBE00C9A3AC /* 2.png in Resources */ = {isa = PBXBuildFile; fileRef = B06786B918751BBE00C9A3AC /* 2.png */; };
		B06786CC18751BBE00C9A3AC /* 3.png in Resources */ = {isa = PBXBuildFile; fileRef = B06786BA18751BBE00C9A3AC /* 3.png */; };
		B06786CD18751BBE00C9A3AC /* 4.png in Resources */ = {isa = PBXBuildFile; fileRef = B06786BB18751BBE00C9A3AC /* 4.png */; };
		B06786CE18751BBE00C9A3AC /* 5.png in Resources */ = {isa = PBXBuildFile; fileRef = B06786BC18751BBE00C9A3AC /* 5.png */; };
		B06786CF18751BBE00C9A3AC /* 6.png in Resources */ = {isa = PBXBuildFile; fileRef = B06786BD18751BBE00C9A3AC /* 6.png */; };
		B06786D018751BBE00C9A3AC /* 7.png in Resources */ = {isa = PBXBuildFile; fileRef = B06786BE18751BBE00C9A3AC /* 7.png */; };
		B06786D118751BBE00C9A3AC /* 8.png in Resources */ = {isa = PBXBuildFile; fileRef = B06786BF18751BBE00C9A3AC /* 8.png */; };
		B06786D218751BBE00C9A3AC /* 9.png in Resources */ = {isa = PBXBuildFile; fileRef = B06786C018751BBE00C9A3AC /* 9.png */; };
		B06786D318751BBE00C9A3AC /* 10.png in Resources */ = {isa = PBXBuildFile; fileRef = B06786C118751BBE00C9A3AC /* 10.png */; };
		B06786D418751BBE00C9A3AC /* 11.png in Resources */ = {isa = PBXBuildFile; fileRef = B06786C218751BBE00C9A3AC /* 11.png */; };
		B06786D518751BBE00C9A3AC /* 12.png in Resources */ = {isa = PBXBuildFile; fileRef = B06786C318751BBE00C9A3AC /* 12.png */; };
		B06786D618751BBE00C9A3AC /* 13.png in Resources */ = {isa = PBXBuildFile; fileRef = B06786C418751BBE00C9A3AC /* 13.png */; };
		B06786D718751BBE00C9A3AC /* 14.png in Resources */ = {isa = PBXBuildFile; fileRef = B06786C518751BBE00C9A3AC /* 14.png */; };
		B06786D818751BBE00C9A3AC /* 15.png in Resources */ = {isa = PBXBuildFile; fileRef = B06786C618751BBE00C9A3AC /* 15.png */; };
		B06786D918751BBE00C9A3AC /* 16.png in Resources */ = {isa = PBXBuildFile; fileRef = B06786C718751BBE00C9A3AC /* 16.png */; };
		B06786DA18751BBE00C9A3AC /* 17.png in Resources */ = {isa = PBXBuildFile; fileRef = B06786C818751BBE00C9A3AC /* 17.png */; };
		B09A65AE187D050F00A8177A /* IMG_0379.jpg in Resources */ = {isa = PBXBuildFile; fileRef = B09A65AD187D050F00A8177A /* IMG_0379.jpg */; };
		B0D0E0AB186D59940041B5D9 /* Foundation.framework in Frameworks */ = {isa = PBXBuildFile; fileRef = B0D0E0AA186D59940041B5D9 /* Foundation.framework */; };
		B0D0E0AD186D59940041B5D9 /* CoreGraphics.framework in Frameworks */ = {isa = PBXBuildFile; fileRef = B0D0E0AC186D59940041B5D9 /* CoreGraphics.framework */; };
		B0D0E0AF186D59940041B5D9 /* UIKit.framework in Frameworks */ = {isa = PBXBuildFile; fileRef = B0D0E0AE186D59940041B5D9 /* UIKit.framework */; };
		B0D0E0B5186D59940041B5D9 /* InfoPlist.strings in Resources */ = {isa = PBXBuildFile; fileRef = B0D0E0B3186D59940041B5D9 /* InfoPlist.strings */; };
		B0D0E0B7186D59940041B5D9 /* main.m in Sources */ = {isa = PBXBuildFile; fileRef = B0D0E0B6186D59940041B5D9 /* main.m */; };
		B0D0E0BB186D59940041B5D9 /* MainAppDelegate.m in Sources */ = {isa = PBXBuildFile; fileRef = B0D0E0BA186D59940041B5D9 /* MainAppDelegate.m */; };
		B0D0E0BE186D59940041B5D9 /* Main.storyboard in Resources */ = {isa = PBXBuildFile; fileRef = B0D0E0BC186D59940041B5D9 /* Main.storyboard */; };
		B0D0E0C1186D59940041B5D9 /* MainViewController.m in Sources */ = {isa = PBXBuildFile; fileRef = B0D0E0C0186D59940041B5D9 /* MainViewController.m */; };
		B0D0E0C3186D59940041B5D9 /* Images.xcassets in Resources */ = {isa = PBXBuildFile; fileRef = B0D0E0C2186D59940041B5D9 /* Images.xcassets */; };
		B0D0E0CA186D59940041B5D9 /* XCTest.framework in Frameworks */ = {isa = PBXBuildFile; fileRef = B0D0E0C9186D59940041B5D9 /* XCTest.framework */; };
		B0D0E0CB186D59940041B5D9 /* Foundation.framework in Frameworks */ = {isa = PBXBuildFile; fileRef = B0D0E0AA186D59940041B5D9 /* Foundation.framework */; };
		B0D0E0CC186D59940041B5D9 /* UIKit.framework in Frameworks */ = {isa = PBXBuildFile; fileRef = B0D0E0AE186D59940041B5D9 /* UIKit.framework */; };
		B0D0E0D4186D59940041B5D9 /* InfoPlist.strings in Resources */ = {isa = PBXBuildFile; fileRef = B0D0E0D2186D59940041B5D9 /* InfoPlist.strings */; };
		B0D0E0D6186D59940041B5D9 /* CircleMenuTests.m in Sources */ = {isa = PBXBuildFile; fileRef = B0D0E0D5186D59940041B5D9 /* CircleMenuTests.m */; };
		B0D0E0E2186D5B220041B5D9 /* CircleItem.m in Sources */ = {isa = PBXBuildFile; fileRef = B0D0E0E1186D5B220041B5D9 /* CircleItem.m */; };
		B0E23356187105D900E0B5D6 /* CircleMenu.m in Sources */ = {isa = PBXBuildFile; fileRef = B0E23355187105D900E0B5D6 /* CircleMenu.m */; };
		B0E233581871284500E0B5D6 /* QuartzCore.framework in Frameworks */ = {isa = PBXBuildFile; fileRef = B0E233571871284500E0B5D6 /* QuartzCore.framework */; };
/* End PBXBuildFile section */

/* Begin PBXContainerItemProxy section */
		B0D0E0CD186D59940041B5D9 /* PBXContainerItemProxy */ = {
			isa = PBXContainerItemProxy;
			containerPortal = B0D0E09F186D59940041B5D9 /* Project object */;
			proxyType = 1;
			remoteGlobalIDString = B0D0E0A6186D59940041B5D9;
			remoteInfo = CircleMenu;
		};
/* End PBXContainerItemProxy section */

/* Begin PBXFileReference section */
		B06786B718751BBE00C9A3AC /* 0.png */ = {isa = PBXFileReference; lastKnownFileType = image.png; name = 0.png; path = ../../../../Desktop/icon_rename/0.png; sourceTree = "<group>"; };
		B06786B818751BBE00C9A3AC /* 1.png */ = {isa = PBXFileReference; lastKnownFileType = image.png; name = 1.png; path = ../../../../Desktop/icon_rename/1.png; sourceTree = "<group>"; };
		B06786B918751BBE00C9A3AC /* 2.png */ = {isa = PBXFileReference; lastKnownFileType = image.png; name = 2.png; path = ../../../../Desktop/icon_rename/2.png; sourceTree = "<group>"; };
		B06786BA18751BBE00C9A3AC /* 3.png */ = {isa = PBXFileReference; lastKnownFileType = image.png; name = 3.png; path = ../../../../Desktop/icon_rename/3.png; sourceTree = "<group>"; };
		B06786BB18751BBE00C9A3AC /* 4.png */ = {isa = PBXFileReference; lastKnownFileType = image.png; name = 4.png; path = ../../../../Desktop/icon_rename/4.png; sourceTree = "<group>"; };
		B06786BC18751BBE00C9A3AC /* 5.png */ = {isa = PBXFileReference; lastKnownFileType = image.png; name = 5.png; path = ../../../../Desktop/icon_rename/5.png; sourceTree = "<group>"; };
		B06786BD18751BBE00C9A3AC /* 6.png */ = {isa = PBXFileReference; lastKnownFileType = image.png; name = 6.png; path = ../../../../Desktop/icon_rename/6.png; sourceTree = "<group>"; };
		B06786BE18751BBE00C9A3AC /* 7.png */ = {isa = PBXFileReference; lastKnownFileType = image.png; name = 7.png; path = ../../../../Desktop/icon_rename/7.png; sourceTree = "<group>"; };
		B06786BF18751BBE00C9A3AC /* 8.png */ = {isa = PBXFileReference; lastKnownFileType = image.png; name = 8.png; path = ../../../../Desktop/icon_rename/8.png; sourceTree = "<group>"; };
		B06786C018751BBE00C9A3AC /* 9.png */ = {isa = PBXFileReference; lastKnownFileType = image.png; name = 9.png; path = ../../../../Desktop/icon_rename/9.png; sourceTree = "<group>"; };
		B06786C118751BBE00C9A3AC /* 10.png */ = {isa = PBXFileReference; lastKnownFileType = image.png; name = 10.png; path = ../../../../Desktop/icon_rename/10.png; sourceTree = "<group>"; };
		B06786C218751BBE00C9A3AC /* 11.png */ = {isa = PBXFileReference; lastKnownFileType = image.png; name = 11.png; path = ../../../../Desktop/icon_rename/11.png; sourceTree = "<group>"; };
		B06786C318751BBE00C9A3AC /* 12.png */ = {isa = PBXFileReference; lastKnownFileType = image.png; name = 12.png; path = ../../../../Desktop/icon_rename/12.png; sourceTree = "<group>"; };
		B06786C418751BBE00C9A3AC /* 13.png */ = {isa = PBXFileReference; lastKnownFileType = image.png; name = 13.png; path = ../../../../Desktop/icon_rename/13.png; sourceTree = "<group>"; };
		B06786C518751BBE00C9A3AC /* 14.png */ = {isa = PBXFileReference; lastKnownFileType = image.png; name = 14.png; path = ../../../../Desktop/icon_rename/14.png; sourceTree = "<group>"; };
		B06786C618751BBE00C9A3AC /* 15.png */ = {isa = PBXFileReference; lastKnownFileType = image.png; name = 15.png; path = ../../../../Desktop/icon_rename/15.png; sourceTree = "<group>"; };
		B06786C718751BBE00C9A3AC /* 16.png */ = {isa = PBXFileReference; lastKnownFileType = image.png; name = 16.png; path = ../../../../Desktop/icon_rename/16.png; sourceTree = "<group>"; };
		B06786C818751BBE00C9A3AC /* 17.png */ = {isa = PBXFileReference; lastKnownFileType = image.png; name = 17.png; path = ../../../../Desktop/icon_rename/17.png; sourceTree = "<group>"; };
		B09A65AD187D050F00A8177A /* IMG_0379.jpg */ = {isa = PBXFileReference; lastKnownFileType = image.jpeg; path = IMG_0379.jpg; sourceTree = "<group>"; };
		B0D0E0A7186D59940041B5D9 /* CircleMenu.app */ = {isa = PBXFileReference; explicitFileType = wrapper.application; includeInIndex = 0; path = CircleMenu.app; sourceTree = BUILT_PRODUCTS_DIR; };
		B0D0E0AA186D59940041B5D9 /* Foundation.framework */ = {isa = PBXFileReference; lastKnownFileType = wrapper.framework; name = Foundation.framework; path = System/Library/Frameworks/Foundation.framework; sourceTree = SDKROOT; };
		B0D0E0AC186D59940041B5D9 /* CoreGraphics.framework */ = {isa = PBXFileReference; lastKnownFileType = wrapper.framework; name = CoreGraphics.framework; path = System/Library/Frameworks/CoreGraphics.framework; sourceTree = SDKROOT; };
		B0D0E0AE186D59940041B5D9 /* UIKit.framework */ = {isa = PBXFileReference; lastKnownFileType = wrapper.framework; name = UIKit.framework; path = System/Library/Frameworks/UIKit.framework; sourceTree = SDKROOT; };
		B0D0E0B2186D59940041B5D9 /* CircleMenu-Info.plist */ = {isa = PBXFileReference; lastKnownFileType = text.plist.xml; path = "CircleMenu-Info.plist"; sourceTree = "<group>"; };
		B0D0E0B4186D59940041B5D9 /* en */ = {isa = PBXFileReference; lastKnownFileType = text.plist.strings; name = en; path = en.lproj/InfoPlist.strings; sourceTree = "<group>"; };
		B0D0E0B6186D59940041B5D9 /* main.m */ = {isa = PBXFileReference; lastKnownFileType = sourcecode.c.objc; path = main.m; sourceTree = "<group>"; };
		B0D0E0B8186D59940041B5D9 /* CircleMenu-Prefix.pch */ = {isa = PBXFileReference; lastKnownFileType = sourcecode.c.h; path = "CircleMenu-Prefix.pch"; sourceTree = "<group>"; };
		B0D0E0B9186D59940041B5D9 /* MainAppDelegate.h */ = {isa = PBXFileReference; lastKnownFileType = sourcecode.c.h; path = MainAppDelegate.h; sourceTree = "<group>"; };
		B0D0E0BA186D59940041B5D9 /* MainAppDelegate.m */ = {isa = PBXFileReference; lastKnownFileType = sourcecode.c.objc; path = MainAppDelegate.m; sourceTree = "<group>"; };
		B0D0E0BD186D59940041B5D9 /* Base */ = {isa = PBXFileReference; lastKnownFileType = file.storyboard; name = Base; path = Base.lproj/Main.storyboard; sourceTree = "<group>"; };
		B0D0E0BF186D59940041B5D9 /* MainViewController.h */ = {isa = PBXFileReference; lastKnownFileType = sourcecode.c.h; path = MainViewController.h; sourceTree = "<group>"; };
		B0D0E0C0186D59940041B5D9 /* MainViewController.m */ = {isa = PBXFileReference; lastKnownFileType = sourcecode.c.objc; path = MainViewController.m; sourceTree = "<group>"; };
		B0D0E0C2186D59940041B5D9 /* Images.xcassets */ = {isa = PBXFileReference; lastKnownFileType = folder.assetcatalog; path = Images.xcassets; sourceTree = "<group>"; };
		B0D0E0C8186D59940041B5D9 /* CircleMenuTests.xctest */ = {isa = PBXFileReference; explicitFileType = wrapper.cfbundle; includeInIndex = 0; path = CircleMenuTests.xctest; sourceTree = BUILT_PRODUCTS_DIR; };
		B0D0E0C9186D59940041B5D9 /* XCTest.framework */ = {isa = PBXFileReference; lastKnownFileType = wrapper.framework; name = XCTest.framework; path = Library/Frameworks/XCTest.framework; sourceTree = DEVELOPER_DIR; };
		B0D0E0D1186D59940041B5D9 /* CircleMenuTests-Info.plist */ = {isa = PBXFileReference; lastKnownFileType = text.plist.xml; path = "CircleMenuTests-Info.plist"; sourceTree = "<group>"; };
		B0D0E0D3186D59940041B5D9 /* en */ = {isa = PBXFileReference; lastKnownFileType = text.plist.strings; name = en; path = en.lproj/InfoPlist.strings; sourceTree = "<group>"; };
		B0D0E0D5186D59940041B5D9 /* CircleMenuTests.m */ = {isa = PBXFileReference; lastKnownFileType = sourcecode.c.objc; path = CircleMenuTests.m; sourceTree = "<group>"; };
		B0D0E0E0186D5B220041B5D9 /* CircleItem.h */ = {isa = PBXFileReference; fileEncoding = 4; lastKnownFileType = sourcecode.c.h; path = CircleItem.h; sourceTree = "<group>"; };
		B0D0E0E1186D5B220041B5D9 /* CircleItem.m */ = {isa = PBXFileReference; fileEncoding = 4; lastKnownFileType = sourcecode.c.objc; path = CircleItem.m; sourceTree = "<group>"; };
		B0E23354187105D900E0B5D6 /* CircleMenu.h */ = {isa = PBXFileReference; fileEncoding = 4; lastKnownFileType = sourcecode.c.h; path = CircleMenu.h; sourceTree = "<group>"; };
		B0E23355187105D900E0B5D6 /* CircleMenu.m */ = {isa = PBXFileReference; fileEncoding = 4; lastKnownFileType = sourcecode.c.objc; path = CircleMenu.m; sourceTree = "<group>"; };
		B0E233571871284500E0B5D6 /* QuartzCore.framework */ = {isa = PBXFileReference; lastKnownFileType = wrapper.framework; name = QuartzCore.framework; path = System/Library/Frameworks/QuartzCore.framework; sourceTree = SDKROOT; };
/* End PBXFileReference section */

/* Begin PBXFrameworksBuildPhase section */
		B0D0E0A4186D59940041B5D9 /* Frameworks */ = {
			isa = PBXFrameworksBuildPhase;
			buildActionMask = 2147483647;
			files = (
				B0E233581871284500E0B5D6 /* QuartzCore.framework in Frameworks */,
				B0D0E0AD186D59940041B5D9 /* CoreGraphics.framework in Frameworks */,
				B0D0E0AF186D59940041B5D9 /* UIKit.framework in Frameworks */,
				B0D0E0AB186D59940041B5D9 /* Foundation.framework in Frameworks */,
			);
			runOnlyForDeploymentPostprocessing = 0;
		};
		B0D0E0C5186D59940041B5D9 /* Frameworks */ = {
			isa = PBXFrameworksBuildPhase;
			buildActionMask = 2147483647;
			files = (
				B0D0E0CA186D59940041B5D9 /* XCTest.framework in Frameworks */,
				B0D0E0CC186D59940041B5D9 /* UIKit.framework in Frameworks */,
				B0D0E0CB186D59940041B5D9 /* Foundation.framework in Frameworks */,
			);
			runOnlyForDeploymentPostprocessing = 0;
		};
/* End PBXFrameworksBuildPhase section */

/* Begin PBXGroup section */
		B06786B618751B3600C9A3AC /* icons */ = {
			isa = PBXGroup;
			children = (
				B09A65AD187D050F00A8177A /* IMG_0379.jpg */,
				B06786B718751BBE00C9A3AC /* 0.png */,
				B06786B818751BBE00C9A3AC /* 1.png */,
				B06786B918751BBE00C9A3AC /* 2.png */,
				B06786BA18751BBE00C9A3AC /* 3.png */,
				B06786BB18751BBE00C9A3AC /* 4.png */,
				B06786BC18751BBE00C9A3AC /* 5.png */,
				B06786BD18751BBE00C9A3AC /* 6.png */,
				B06786BE18751BBE00C9A3AC /* 7.png */,
				B06786BF18751BBE00C9A3AC /* 8.png */,
				B06786C018751BBE00C9A3AC /* 9.png */,
				B06786C118751BBE00C9A3AC /* 10.png */,
				B06786C218751BBE00C9A3AC /* 11.png */,
				B06786C318751BBE00C9A3AC /* 12.png */,
				B06786C418751BBE00C9A3AC /* 13.png */,
				B06786C518751BBE00C9A3AC /* 14.png */,
				B06786C618751BBE00C9A3AC /* 15.png */,
				B06786C718751BBE00C9A3AC /* 16.png */,
				B06786C818751BBE00C9A3AC /* 17.png */,
			);
			name = icons;
			sourceTree = "<group>";
		};
		B0D0E09E186D59940041B5D9 = {
			isa = PBXGroup;
			children = (
				B06786B618751B3600C9A3AC /* icons */,
				B0D0E0DF186D5AEE0041B5D9 /* MenuCircle */,
				B0D0E0B0186D59940041B5D9 /* CircleMenu */,
				B0D0E0CF186D59940041B5D9 /* CircleMenuTests */,
				B0D0E0A9186D59940041B5D9 /* Frameworks */,
				B0D0E0A8186D59940041B5D9 /* Products */,
			);
			sourceTree = "<group>";
		};
		B0D0E0A8186D59940041B5D9 /* Products */ = {
			isa = PBXGroup;
			children = (
				B0D0E0A7186D59940041B5D9 /* CircleMenu.app */,
				B0D0E0C8186D59940041B5D9 /* CircleMenuTests.xctest */,
			);
			name = Products;
			sourceTree = "<group>";
		};
		B0D0E0A9186D59940041B5D9 /* Frameworks */ = {
			isa = PBXGroup;
			children = (
				B0E233571871284500E0B5D6 /* QuartzCore.framework */,
				B0D0E0AA186D59940041B5D9 /* Foundation.framework */,
				B0D0E0AC186D59940041B5D9 /* CoreGraphics.framework */,
				B0D0E0AE186D59940041B5D9 /* UIKit.framework */,
				B0D0E0C9186D59940041B5D9 /* XCTest.framework */,
			);
			name = Frameworks;
			sourceTree = "<group>";
		};
		B0D0E0B0186D59940041B5D9 /* CircleMenu */ = {
			isa = PBXGroup;
			children = (
				B0D0E0B9186D59940041B5D9 /* MainAppDelegate.h */,
				B0D0E0BA186D59940041B5D9 /* MainAppDelegate.m */,
				B0D0E0BC186D59940041B5D9 /* Main.storyboard */,
				B0D0E0BF186D59940041B5D9 /* MainViewController.h */,
				B0D0E0C0186D59940041B5D9 /* MainViewController.m */,
				B0D0E0C2186D59940041B5D9 /* Images.xcassets */,
				B0D0E0B1186D59940041B5D9 /* Supporting Files */,
			);
			path = CircleMenu;
			sourceTree = "<group>";
		};
		B0D0E0B1186D59940041B5D9 /* Supporting Files */ = {
			isa = PBXGroup;
			children = (
				B0D0E0B2186D59940041B5D9 /* CircleMenu-Info.plist */,
				B0D0E0B3186D59940041B5D9 /* InfoPlist.strings */,
				B0D0E0B6186D59940041B5D9 /* main.m */,
				B0D0E0B8186D59940041B5D9 /* CircleMenu-Prefix.pch */,
			);
			name = "Supporting Files";
			sourceTree = "<group>";
		};
		B0D0E0CF186D59940041B5D9 /* CircleMenuTests */ = {
			isa = PBXGroup;
			children = (
				B0D0E0D5186D59940041B5D9 /* CircleMenuTests.m */,
				B0D0E0D0186D59940041B5D9 /* Supporting Files */,
			);
			path = CircleMenuTests;
			sourceTree = "<group>";
		};
		B0D0E0D0186D59940041B5D9 /* Supporting Files */ = {
			isa = PBXGroup;
			children = (
				B0D0E0D1186D59940041B5D9 /* CircleMenuTests-Info.plist */,
				B0D0E0D2186D59940041B5D9 /* InfoPlist.strings */,
			);
			name = "Supporting Files";
			sourceTree = "<group>";
		};
		B0D0E0DF186D5AEE0041B5D9 /* MenuCircle */ = {
			isa = PBXGroup;
			children = (
				B0D0E0E0186D5B220041B5D9 /* CircleItem.h */,
				B0D0E0E1186D5B220041B5D9 /* CircleItem.m */,
				B0E23354187105D900E0B5D6 /* CircleMenu.h */,
				B0E23355187105D900E0B5D6 /* CircleMenu.m */,
			);
			name = MenuCircle;
			path = CircleMenu/MenuCircle;
			sourceTree = "<group>";
		};
/* End PBXGroup section */

/* Begin PBXNativeTarget section */
		B0D0E0A6186D59940041B5D9 /* CircleMenu */ = {
			isa = PBXNativeTarget;
			buildConfigurationList = B0D0E0D9186D59940041B5D9 /* Build configuration list for PBXNativeTarget "CircleMenu" */;
			buildPhases = (
				B0D0E0A3186D59940041B5D9 /* Sources */,
				B0D0E0A4186D59940041B5D9 /* Frameworks */,
				B0D0E0A5186D59940041B5D9 /* Resources */,
			);
			buildRules = (
			);
			dependencies = (
			);
			name = CircleMenu;
			productName = CircleMenu;
			productReference = B0D0E0A7186D59940041B5D9 /* CircleMenu.app */;
			productType = "com.apple.product-type.application";
		};
		B0D0E0C7186D59940041B5D9 /* CircleMenuTests */ = {
			isa = PBXNativeTarget;
			buildConfigurationList = B0D0E0DC186D59940041B5D9 /* Build configuration list for PBXNativeTarget "CircleMenuTests" */;
			buildPhases = (
				B0D0E0C4186D59940041B5D9 /* Sources */,
				B0D0E0C5186D59940041B5D9 /* Frameworks */,
				B0D0E0C6186D59940041B5D9 /* Resources */,
			);
			buildRules = (
			);
			dependencies = (
				B0D0E0CE186D59940041B5D9 /* PBXTargetDependency */,
			);
			name = CircleMenuTests;
			productName = CircleMenuTests;
			productReference = B0D0E0C8186D59940041B5D9 /* CircleMenuTests.xctest */;
			productType = "com.apple.product-type.bundle.unit-test";
		};
/* End PBXNativeTarget section */

/* Begin PBXProject section */
		B0D0E09F186D59940041B5D9 /* Project object */ = {
			isa = PBXProject;
			attributes = {
				CLASSPREFIX = Main;
				LastUpgradeCheck = 0500;
				ORGANIZATIONNAME = shinsoft;
				TargetAttributes = {
					B0D0E0C7186D59940041B5D9 = {
						TestTargetID = B0D0E0A6186D59940041B5D9;
					};
				};
			};
			buildConfigurationList = B0D0E0A2186D59940041B5D9 /* Build configuration list for PBXProject "CircleMenu" */;
			compatibilityVersion = "Xcode 3.2";
			developmentRegion = English;
			hasScannedForEncodings = 0;
			knownRegions = (
				en,
				Base,
			);
			mainGroup = B0D0E09E186D59940041B5D9;
			productRefGroup = B0D0E0A8186D59940041B5D9 /* Products */;
			projectDirPath = "";
			projectRoot = "";
			targets = (
				B0D0E0A6186D59940041B5D9 /* CircleMenu */,
				B0D0E0C7186D59940041B5D9 /* CircleMenuTests */,
			);
		};
/* End PBXProject section */

/* Begin PBXResourcesBuildPhase section */
		B0D0E0A5186D59940041B5D9 /* Resources */ = {
			isa = PBXResourcesBuildPhase;
			buildActionMask = 2147483647;
			files = (
				B06786D918751BBE00C9A3AC /* 16.png in Resources */,
				B06786DA18751BBE00C9A3AC /* 17.png in Resources */,
				B06786D118751BBE00C9A3AC /* 8.png in Resources */,
				B06786D018751BBE00C9A3AC /* 7.png in Resources */,
				B09A65AE187D050F00A8177A /* IMG_0379.jpg in Resources */,
				B06786CB18751BBE00C9A3AC /* 2.png in Resources */,
				B06786C918751BBE00C9A3AC /* 0.png in Resources */,
				B06786D218751BBE00C9A3AC /* 9.png in Resources */,
				B0D0E0C3186D59940041B5D9 /* Images.xcassets in Resources */,
				B0D0E0B5186D59940041B5D9 /* InfoPlist.strings in Resources */,
				B06786CF18751BBE00C9A3AC /* 6.png in Resources */,
				B06786D318751BBE00C9A3AC /* 10.png in Resources */,
				B06786CD18751BBE00C9A3AC /* 4.png in Resources */,
				B06786D818751BBE00C9A3AC /* 15.png in Resources */,
				B06786D718751BBE00C9A3AC /* 14.png in Resources */,
				B06786D418751BBE00C9A3AC /* 11.png in Resources */,
				B0D0E0BE186D59940041B5D9 /* Main.storyboard in Resources */,
				B06786D518751BBE00C9A3AC /* 12.png in Resources */,
				B06786D618751BBE00C9A3AC /* 13.png in Resources */,
				B06786CE18751BBE00C9A3AC /* 5.png in Resources */,
				B06786CC18751BBE00C9A3AC /* 3.png in Resources */,
				B06786CA18751BBE00C9A3AC /* 1.png in Resources */,
			);
			runOnlyForDeploymentPostprocessing = 0;
		};
		B0D0E0C6186D59940041B5D9 /* Resources */ = {
			isa = PBXResourcesBuildPhase;
			buildActionMask = 2147483647;
			files = (
				B0D0E0D4186D59940041B5D9 /* InfoPlist.strings in Resources */,
			);
			runOnlyForDeploymentPostprocessing = 0;
		};
/* End PBXResourcesBuildPhase section */

/* Begin PBXSourcesBuildPhase section */
		B0D0E0A3186D59940041B5D9 /* Sources */ = {
			isa = PBXSourcesBuildPhase;
			buildActionMask = 2147483647;
			files = (
				B0D0E0E2186D5B220041B5D9 /* CircleItem.m in Sources */,
				B0D0E0B7186D59940041B5D9 /* main.m in Sources */,
				B0D0E0C1186D59940041B5D9 /* MainViewController.m in Sources */,
				B0D0E0BB186D59940041B5D9 /* MainAppDelegate.m in Sources */,
				B0E23356187105D900E0B5D6 /* CircleMenu.m in Sources */,
			);
			runOnlyForDeploymentPostprocessing = 0;
		};
		B0D0E0C4186D59940041B5D9 /* Sources */ = {
			isa = PBXSourcesBuildPhase;
			buildActionMask = 2147483647;
			files = (
				B0D0E0D6186D59940041B5D9 /* CircleMenuTests.m in Sources */,
			);
			runOnlyForDeploymentPostprocessing = 0;
		};
/* End PBXSourcesBuildPhase section */

/* Begin PBXTargetDependency section */
		B0D0E0CE186D59940041B5D9 /* PBXTargetDependency */ = {
			isa = PBXTargetDependency;
			target = B0D0E0A6186D59940041B5D9 /* CircleMenu */;
			targetProxy = B0D0E0CD186D59940041B5D9 /* PBXContainerItemProxy */;
		};
/* End PBXTargetDependency section */

/* Begin PBXVariantGroup section */
		B0D0E0B3186D59940041B5D9 /* InfoPlist.strings */ = {
			isa = PBXVariantGroup;
			children = (
				B0D0E0B4186D59940041B5D9 /* en */,
			);
			name = InfoPlist.strings;
			sourceTree = "<group>";
		};
		B0D0E0BC186D59940041B5D9 /* Main.storyboard */ = {
			isa = PBXVariantGroup;
			children = (
				B0D0E0BD186D59940041B5D9 /* Base */,
			);
			name = Main.storyboard;
			sourceTree = "<group>";
		};
		B0D0E0D2186D59940041B5D9 /* InfoPlist.strings */ = {
			isa = PBXVariantGroup;
			children = (
				B0D0E0D3186D59940041B5D9 /* en */,
			);
			name = InfoPlist.strings;
			sourceTree = "<group>";
		};
/* End PBXVariantGroup section */

/* Begin XCBuildConfiguration section */
		B0D0E0D7186D59940041B5D9 /* Debug */ = {
			isa = XCBuildConfiguration;
			buildSettings = {
				ALWAYS_SEARCH_USER_PATHS = NO;
				ARCHS = "$(ARCHS_STANDARD_INCLUDING_64_BIT)";
				CLANG_CXX_LANGUAGE_STANDARD = "gnu++0x";
				CLANG_CXX_LIBRARY = "libc++";
				CLANG_ENABLE_MODULES = YES;
				CLANG_ENABLE_OBJC_ARC = YES;
				CLANG_WARN_BOOL_CONVERSION = YES;
				CLANG_WARN_CONSTANT_CONVERSION = YES;
				CLANG_WARN_DIRECT_OBJC_ISA_USAGE = YES_ERROR;
				CLANG_WARN_EMPTY_BODY = YES;
				CLANG_WARN_ENUM_CONVERSION = YES;
				CLANG_WARN_INT_CONVERSION = YES;
				CLANG_WARN_OBJC_ROOT_CLASS = YES_ERROR;
				CLANG_WARN__DUPLICATE_METHOD_MATCH = YES;
				"CODE_SIGN_IDENTITY[sdk=iphoneos*]" = "iPhone Developer";
				COPY_PHASE_STRIP = NO;
				GCC_C_LANGUAGE_STANDARD = gnu99;
				GCC_DYNAMIC_NO_PIC = NO;
				GCC_OPTIMIZATION_LEVEL = 0;
				GCC_PREPROCESSOR_DEFINITIONS = (
					"DEBUG=1",
					"$(inherited)",
				);
				GCC_SYMBOLS_PRIVATE_EXTERN = NO;
				GCC_WARN_64_TO_32_BIT_CONVERSION = YES;
				GCC_WARN_ABOUT_RETURN_TYPE = YES_ERROR;
				GCC_WARN_UNDECLARED_SELECTOR = YES;
				GCC_WARN_UNINITIALIZED_AUTOS = YES;
				GCC_WARN_UNUSED_FUNCTION = YES;
				GCC_WARN_UNUSED_VARIABLE = YES;
				IPHONEOS_DEPLOYMENT_TARGET = 7.0;
				ONLY_ACTIVE_ARCH = YES;
				SDKROOT = iphoneos;
			};
			name = Debug;
		};
		B0D0E0D8186D59940041B5D9 /* Release */ = {
			isa = XCBuildConfiguration;
			buildSettings = {
				ALWAYS_SEARCH_USER_PATHS = NO;
				ARCHS = "$(ARCHS_STANDARD_INCLUDING_64_BIT)";
				CLANG_CXX_LANGUAGE_STANDARD = "gnu++0x";
				CLANG_CXX_LIBRARY = "libc++";
				CLANG_ENABLE_MODULES = YES;
				CLANG_ENABLE_OBJC_ARC = YES;
				CLANG_WARN_BOOL_CONVERSION = YES;
				CLANG_WARN_CONSTANT_CONVERSION = YES;
				CLANG_WARN_DIRECT_OBJC_ISA_USAGE = YES_ERROR;
				CLANG_WARN_EMPTY_BODY = YES;
				CLANG_WARN_ENUM_CONVERSION = YES;
				CLANG_WARN_INT_CONVERSION = YES;
				CLANG_WARN_OBJC_ROOT_CLASS = YES_ERROR;
				CLANG_WARN__DUPLICATE_METHOD_MATCH = YES;
				"CODE_SIGN_IDENTITY[sdk=iphoneos*]" = "iPhone Developer";
				COPY_PHASE_STRIP = YES;
				ENABLE_NS_ASSERTIONS = NO;
				GCC_C_LANGUAGE_STANDARD = gnu99;
				GCC_WARN_64_TO_32_BIT_CONVERSION = YES;
				GCC_WARN_ABOUT_RETURN_TYPE = YES_ERROR;
				GCC_WARN_UNDECLARED_SELECTOR = YES;
				GCC_WARN_UNINITIALIZED_AUTOS = YES;
				GCC_WARN_UNUSED_FUNCTION = YES;
				GCC_WARN_UNUSED_VARIABLE = YES;
				IPHONEOS_DEPLOYMENT_TARGET = 7.0;
				SDKROOT = iphoneos;
				VALIDATE_PRODUCT = YES;
			};
			name = Release;
		};
		B0D0E0DA186D59940041B5D9 /* Debug */ = {
			isa = XCBuildConfiguration;
			buildSettings = {
				ASSETCATALOG_COMPILER_APPICON_NAME = AppIcon;
				ASSETCATALOG_COMPILER_LAUNCHIMAGE_NAME = LaunchImage;
				GCC_PRECOMPILE_PREFIX_HEADER = YES;
				GCC_PREFIX_HEADER = "CircleMenu/CircleMenu-Prefix.pch";
				INFOPLIST_FILE = "CircleMenu/CircleMenu-Info.plist";
				PRODUCT_NAME = "$(TARGET_NAME)";
				WRAPPER_EXTENSION = app;
			};
			name = Debug;
		};
		B0D0E0DB186D59940041B5D9 /* Release */ = {
			isa = XCBuildConfiguration;
			buildSettings = {
				ASSETCATALOG_COMPILER_APPICON_NAME = AppIcon;
				ASSETCATALOG_COMPILER_LAUNCHIMAGE_NAME = LaunchImage;
				GCC_PRECOMPILE_PREFIX_HEADER = YES;
				GCC_PREFIX_HEADER = "CircleMenu/CircleMenu-Prefix.pch";
				INFOPLIST_FILE = "CircleMenu/CircleMenu-Info.plist";
				PRODUCT_NAME = "$(TARGET_NAME)";
				WRAPPER_EXTENSION = app;
			};
			name = Release;
		};
		B0D0E0DD186D59940041B5D9 /* Debug */ = {
			isa = XCBuildConfiguration;
			buildSettings = {
				ARCHS = "$(ARCHS_STANDARD_INCLUDING_64_BIT)";
				BUNDLE_LOADER = "$(BUILT_PRODUCTS_DIR)/CircleMenu.app/CircleMenu";
				FRAMEWORK_SEARCH_PATHS = (
					"$(SDKROOT)/Developer/Library/Frameworks",
					"$(inherited)",
					"$(DEVELOPER_FRAMEWORKS_DIR)",
				);
				GCC_PRECOMPILE_PREFIX_HEADER = YES;
				GCC_PREFIX_HEADER = "CircleMenu/CircleMenu-Prefix.pch";
				GCC_PREPROCESSOR_DEFINITIONS = (
					"DEBUG=1",
					"$(inherited)",
				);
				INFOPLIST_FILE = "CircleMenuTests/CircleMenuTests-Info.plist";
				PRODUCT_NAME = "$(TARGET_NAME)";
				TEST_HOST = "$(BUNDLE_LOADER)";
				WRAPPER_EXTENSION = xctest;
			};
			name = Debug;
		};
		B0D0E0DE186D59940041B5D9 /* Release */ = {
			isa = XCBuildConfiguration;
			buildSettings = {
				ARCHS = "$(ARCHS_STANDARD_INCLUDING_64_BIT)";
				BUNDLE_LOADER = "$(BUILT_PRODUCTS_DIR)/CircleMenu.app/CircleMenu";
				FRAMEWORK_SEARCH_PATHS = (
					"$(SDKROOT)/Developer/Library/Frameworks",
					"$(inherited)",
					"$(DEVELOPER_FRAMEWORKS_DIR)",
				);
				GCC_PRECOMPILE_PREFIX_HEADER = YES;
				GCC_PREFIX_HEADER = "CircleMenu/CircleMenu-Prefix.pch";
				INFOPLIST_FILE = "CircleMenuTests/CircleMenuTests-Info.plist";
				PRODUCT_NAME = "$(TARGET_NAME)";
				TEST_HOST = "$(BUNDLE_LOADER)";
				WRAPPER_EXTENSION = xctest;
			};
			name = Release;
		};
/* End XCBuildConfiguration section */

/* Begin XCConfigurationList section */
		B0D0E0A2186D59940041B5D9 /* Build configuration list for PBXProject "CircleMenu" */ = {
			isa = XCConfigurationList;
			buildConfigurations = (
				B0D0E0D7186D59940041B5D9 /* Debug */,
				B0D0E0D8186D59940041B5D9 /* Release */,
			);
			defaultConfigurationIsVisible = 0;
			defaultConfigurationName = Release;
		};
		B0D0E0D9186D59940041B5D9 /* Build configuration list for PBXNativeTarget "CircleMenu" */ = {
			isa = XCConfigurationList;
			buildConfigurations = (
				B0D0E0DA186D59940041B5D9 /* Debug */,
				B0D0E0DB186D59940041B5D9 /* Release */,
			);
			defaultConfigurationIsVisible = 0;
			defaultConfigurationName = Release;
		};
		B0D0E0DC186D59940041B5D9 /* Build configuration list for PBXNativeTarget "CircleMenuTests" */ = {
			isa = XCConfigurationList;
			buildConfigurations = (
				B0D0E0DD186D59940041B5D9 /* Debug */,
				B0D0E0DE186D59940041B5D9 /* Release */,
			);
			defaultConfigurationIsVisible = 0;
			defaultConfigurationName = Release;
		};
/* End XCConfigurationList section */
	};
	rootObject = B0D0E09F186D59940041B5D9 /* Project object */;
}
